// !$*UTF8*$!
{
	archiveVersion = 1;
	classes = {
	};
	objectVersion = 50;
	objects = {

/* Begin PBXBuildFile section */
		F0F0D3DB2516E27E00CD3F1B /* GridsDemo.swift in Sources */ = {isa = PBXBuildFile; fileRef = F0F0D3DA2516E27E00CD3F1B /* GridsDemo.swift */; };
		F0F0D3DF2516E9C900CD3F1B /* MapsDemo.swift in Sources */ = {isa = PBXBuildFile; fileRef = F0F0D3DE2516E9C900CD3F1B /* MapsDemo.swift */; };
		F0F0D3E22516EC8700CD3F1B /* TabDemo.swift in Sources */ = {isa = PBXBuildFile; fileRef = F0F0D3E12516EC8700CD3F1B /* TabDemo.swift */; };
		F0FB935525134BB400948A5F /* SwiftUIPlaygroundApp.swift in Sources */ = {isa = PBXBuildFile; fileRef = F0FB935425134BB400948A5F /* SwiftUIPlaygroundApp.swift */; };
		F0FB935725134BB400948A5F /* ContentView.swift in Sources */ = {isa = PBXBuildFile; fileRef = F0FB935625134BB400948A5F /* ContentView.swift */; };
		F0FB935925134BB600948A5F /* Assets.xcassets in Resources */ = {isa = PBXBuildFile; fileRef = F0FB935825134BB600948A5F /* Assets.xcassets */; };
		F0FB935C25134BB600948A5F /* Preview Assets.xcassets in Resources */ = {isa = PBXBuildFile; fileRef = F0FB935B25134BB600948A5F /* Preview Assets.xcassets */; };
/* End PBXBuildFile section */

/* Begin PBXFileReference section */
		F0F0D3DA2516E27E00CD3F1B /* GridsDemo.swift */ = {isa = PBXFileReference; lastKnownFileType = sourcecode.swift; path = GridsDemo.swift; sourceTree = "<group>"; };
		F0F0D3DE2516E9C900CD3F1B /* MapsDemo.swift */ = {isa = PBXFileReference; lastKnownFileType = sourcecode.swift; path = MapsDemo.swift; sourceTree = "<group>"; };
		F0F0D3E12516EC8700CD3F1B /* TabDemo.swift */ = {isa = PBXFileReference; lastKnownFileType = sourcecode.swift; path = TabDemo.swift; sourceTree = "<group>"; };
		F0FB935125134BB400948A5F /* SwiftUIPlayground.app */ = {isa = PBXFileReference; explicitFileType = wrapper.application; includeInIndex = 0; path = SwiftUIPlayground.app; sourceTree = BUILT_PRODUCTS_DIR; };
		F0FB935425134BB400948A5F /* SwiftUIPlaygroundApp.swift */ = {isa = PBXFileReference; lastKnownFileType = sourcecode.swift; path = SwiftUIPlaygroundApp.swift; sourceTree = "<group>"; };
		F0FB935625134BB400948A5F /* ContentView.swift */ = {isa = PBXFileReference; lastKnownFileType = sourcecode.swift; path = ContentView.swift; sourceTree = "<group>"; };
		F0FB935825134BB600948A5F /* Assets.xcassets */ = {isa = PBXFileReference; lastKnownFileType = folder.assetcatalog; path = Assets.xcassets; sourceTree = "<group>"; };
		F0FB935B25134BB600948A5F /* Preview Assets.xcassets */ = {isa = PBXFileReference; lastKnownFileType = folder.assetcatalog; path = "Preview Assets.xcassets"; sourceTree = "<group>"; };
		F0FB935D25134BB600948A5F /* Info.plist */ = {isa = PBXFileReference; lastKnownFileType = text.plist.xml; path = Info.plist; sourceTree = "<group>"; };
/* End PBXFileReference section */

/* Begin PBXFrameworksBuildPhase section */
		F0FB934E25134BB400948A5F /* Frameworks */ = {
			isa = PBXFrameworksBuildPhase;
			buildActionMask = 2147483647;
			files = (
			);
			runOnlyForDeploymentPostprocessing = 0;
		};
/* End PBXFrameworksBuildPhase section */

/* Begin PBXGroup section */
		F0F0D3D92516E24D00CD3F1B /* Views */ = {
			isa = PBXGroup;
			children = (
				F0F0D3DA2516E27E00CD3F1B /* GridsDemo.swift */,
				F0F0D3DE2516E9C900CD3F1B /* MapsDemo.swift */,
				F0F0D3E12516EC8700CD3F1B /* TabDemo.swift */,
			);
			path = Views;
			sourceTree = "<group>";
		};
		F0FB934825134BB400948A5F = {
			isa = PBXGroup;
			children = (
				F0FB935325134BB400948A5F /* SwiftUIPlayground */,
				F0FB935225134BB400948A5F /* Products */,
			);
			sourceTree = "<group>";
		};
		F0FB935225134BB400948A5F /* Products */ = {
			isa = PBXGroup;
			children = (
				F0FB935125134BB400948A5F /* SwiftUIPlayground.app */,
			);
			name = Products;
			sourceTree = "<group>";
		};
		F0FB935325134BB400948A5F /* SwiftUIPlayground */ = {
			isa = PBXGroup;
			children = (
				F0F0D3D92516E24D00CD3F1B /* Views */,
				F0FB935425134BB400948A5F /* SwiftUIPlaygroundApp.swift */,
				F0FB935625134BB400948A5F /* ContentView.swift */,
				F0FB935825134BB600948A5F /* Assets.xcassets */,
				F0FB935D25134BB600948A5F /* Info.plist */,
				F0FB935A25134BB600948A5F /* Preview Content */,
			);
			path = SwiftUIPlayground;
			sourceTree = "<group>";
		};
		F0FB935A25134BB600948A5F /* Preview Content */ = {
			isa = PBXGroup;
			children = (
				F0FB935B25134BB600948A5F /* Preview Assets.xcassets */,
			);
			path = "Preview Content";
			sourceTree = "<group>";
		};
/* End PBXGroup section */

/* Begin PBXNativeTarget section */
		F0FB935025134BB400948A5F /* SwiftUIPlayground */ = {
			isa = PBXNativeTarget;
			buildConfigurationList = F0FB936025134BB600948A5F /* Build configuration list for PBXNativeTarget "SwiftUIPlayground" */;
			buildPhases = (
				F0FB934D25134BB400948A5F /* Sources */,
				F0FB934E25134BB400948A5F /* Frameworks */,
				F0FB934F25134BB400948A5F /* Resources */,
			);
			buildRules = (
			);
			dependencies = (
			);
			name = SwiftUIPlayground;
			productName = SwiftUIPlayground;
			productReference = F0FB935125134BB400948A5F /* SwiftUIPlayground.app */;
			productType = "com.apple.product-type.application";
		};
/* End PBXNativeTarget section */

/* Begin PBXProject section */
		F0FB934925134BB400948A5F /* Project object */ = {
			isa = PBXProject;
			attributes = {
				LastSwiftUpdateCheck = 1200;
				LastUpgradeCheck = 1200;
				TargetAttributes = {
					F0FB935025134BB400948A5F = {
						CreatedOnToolsVersion = 12.0;
					};
				};
			};
			buildConfigurationList = F0FB934C25134BB400948A5F /* Build configuration list for PBXProject "SwiftUIPlayground" */;
			compatibilityVersion = "Xcode 9.3";
			developmentRegion = en;
			hasScannedForEncodings = 0;
			knownRegions = (
				en,
				Base,
			);
			mainGroup = F0FB934825134BB400948A5F;
			productRefGroup = F0FB935225134BB400948A5F /* Products */;
			projectDirPath = "";
			projectRoot = "";
			targets = (
				F0FB935025134BB400948A5F /* SwiftUIPlayground */,
			);
		};
/* End PBXProject section */

/* Begin PBXResourcesBuildPhase section */
		F0FB934F25134BB400948A5F /* Resources */ = {
			isa = PBXResourcesBuildPhase;
			buildActionMask = 2147483647;
			files = (
				F0FB935C25134BB600948A5F /* Preview Assets.xcassets in Resources */,
				F0FB935925134BB600948A5F /* Assets.xcassets in Resources */,
			);
			runOnlyForDeploymentPostprocessing = 0;
		};
/* End PBXResourcesBuildPhase section */

/* Begin PBXSourcesBuildPhase section */
		F0FB934D25134BB400948A5F /* Sources */ = {
			isa = PBXSourcesBuildPhase;
			buildActionMask = 2147483647;
			files = (
				F0FB935725134BB400948A5F /* ContentView.swift in Sources */,
				F0FB935525134BB400948A5F /* SwiftUIPlaygroundApp.swift in Sources */,
				F0F0D3E22516EC8700CD3F1B /* TabDemo.swift in Sources */,
				F0F0D3DB2516E27E00CD3F1B /* GridsDemo.swift in Sources */,
				F0F0D3DF2516E9C900CD3F1B /* MapsDemo.swift in Sources */,
			);
			runOnlyForDeploymentPostprocessing = 0;
		};
/* End PBXSourcesBuildPhase section */

/* Begin XCBuildConfiguration section */
		F0FB935E25134BB600948A5F /* Debug */ = {
			isa = XCBuildConfiguration;
			buildSettings = {
				ALWAYS_SEARCH_USER_PATHS = NO;
				CLANG_ANALYZER_NONNULL = YES;
				CLANG_ANALYZER_NUMBER_OBJECT_CONVERSION = YES_AGGRESSIVE;
				CLANG_CXX_LANGUAGE_STANDARD = "gnu++14";
				CLANG_CXX_LIBRARY = "libc++";
				CLANG_ENABLE_MODULES = YES;
				CLANG_ENABLE_OBJC_ARC = YES;
				CLANG_ENABLE_OBJC_WEAK = YES;
				CLANG_WARN_BLOCK_CAPTURE_AUTORELEASING = YES;
				CLANG_WARN_BOOL_CONVERSION = YES;
				CLANG_WARN_COMMA = YES;
				CLANG_WARN_CONSTANT_CONVERSION = YES;
				CLANG_WARN_DEPRECATED_OBJC_IMPLEMENTATIONS = YES;
				CLANG_WARN_DIRECT_OBJC_ISA_USAGE = YES_ERROR;
				CLANG_WARN_DOCUMENTATION_COMMENTS = YES;
				CLANG_WARN_EMPTY_BODY = YES;
				CLANG_WARN_ENUM_CONVERSION = YES;
				CLANG_WARN_INFINITE_RECURSION = YES;
				CLANG_WARN_INT_CONVERSION = YES;
				CLANG_WARN_NON_LITERAL_NULL_CONVERSION = YES;
				CLANG_WARN_OBJC_IMPLICIT_RETAIN_SELF = YES;
				CLANG_WARN_OBJC_LITERAL_CONVERSION = YES;
				CLANG_WARN_OBJC_ROOT_CLASS = YES_ERROR;
				CLANG_WARN_QUOTED_INCLUDE_IN_FRAMEWORK_HEADER = YES;
				CLANG_WARN_RANGE_LOOP_ANALYSIS = YES;
				CLANG_WARN_STRICT_PROTOTYPES = YES;
				CLANG_WARN_SUSPICIOUS_MOVE = YES;
				CLANG_WARN_UNGUARDED_AVAILABILITY = YES_AGGRESSIVE;
				CLANG_WARN_UNREACHABLE_CODE = YES;
				CLANG_WARN__DUPLICATE_METHOD_MATCH = YES;
				COPY_PHASE_STRIP = NO;
				DEBUG_INFORMATION_FORMAT = dwarf;
				ENABLE_STRICT_OBJC_MSGSEND = YES;
				ENABLE_TESTABILITY = YES;
				GCC_C_LANGUAGE_STANDARD = gnu11;
				GCC_DYNAMIC_NO_PIC = NO;
				GCC_NO_COMMON_BLOCKS = YES;
				GCC_OPTIMIZATION_LEVEL = 0;
				GCC_PREPROCESSOR_DEFINITIONS = (
					"DEBUG=1",
					"$(inherited)",
				);
				GCC_WARN_64_TO_32_BIT_CONVERSION = YES;
				GCC_WARN_ABOUT_RETURN_TYPE = YES_ERROR;
				GCC_WARN_UNDECLARED_SELECTOR = YES;
				GCC_WARN_UNINITIALIZED_AUTOS = YES_AGGRESSIVE;
				GCC_WARN_UNUSED_FUNCTION = YES;
				GCC_WARN_UNUSED_VARIABLE = YES;
				IPHONEOS_DEPLOYMENT_TARGET = 14.0;
				MTL_ENABLE_DEBUG_INFO = INCLUDE_SOURCE;
				MTL_FAST_MATH = YES;
				ONLY_ACTIVE_ARCH = YES;
				SDKROOT = iphoneos;
				SWIFT_ACTIVE_COMPILATION_CONDITIONS = DEBUG;
				SWIFT_OPTIMIZATION_LEVEL = "-Onone";
			};
			name = Debug;
		};
		F0FB935F25134BB600948A5F /* Release */ = {
			isa = XCBuildConfiguration;
			buildSettings = {
				ALWAYS_SEARCH_USER_PATHS = NO;
				CLANG_ANALYZER_NONNULL = YES;
				CLANG_ANALYZER_NUMBER_OBJECT_CONVERSION = YES_AGGRESSIVE;
				CLANG_CXX_LANGUAGE_STANDARD = "gnu++14";
				CLANG_CXX_LIBRARY = "libc++";
				CLANG_ENABLE_MODULES = YES;
				CLANG_ENABLE_OBJC_ARC = YES;
				CLANG_ENABLE_OBJC_WEAK = YES;
				CLANG_WARN_BLOCK_CAPTURE_AUTORELEASING = YES;
				CLANG_WARN_BOOL_CONVERSION = YES;
				CLANG_WARN_COMMA = YES;
				CLANG_WARN_CONSTANT_CONVERSION = YES;
				CLANG_WARN_DEPRECATED_OBJC_IMPLEMENTATIONS = YES;
				CLANG_WARN_DIRECT_OBJC_ISA_USAGE = YES_ERROR;
				CLANG_WARN_DOCUMENTATION_COMMENTS = YES;
				CLANG_WARN_EMPTY_BODY = YES;
				CLANG_WARN_ENUM_CONVERSION = YES;
				CLANG_WARN_INFINITE_RECURSION = YES;
				CLANG_WARN_INT_CONVERSION = YES;
				CLANG_WARN_NON_LITERAL_NULL_CONVERSION = YES;
				CLANG_WARN_OBJC_IMPLICIT_RETAIN_SELF = YES;
				CLANG_WARN_OBJC_LITERAL_CONVERSION = YES;
				CLANG_WARN_OBJC_ROOT_CLASS = YES_ERROR;
				CLANG_WARN_QUOTED_INCLUDE_IN_FRAMEWORK_HEADER = YES;
				CLANG_WARN_RANGE_LOOP_ANALYSIS = YES;
				CLANG_WARN_STRICT_PROTOTYPES = YES;
				CLANG_WARN_SUSPICIOUS_MOVE = YES;
				CLANG_WARN_UNGUARDED_AVAILABILITY = YES_AGGRESSIVE;
				CLANG_WARN_UNREACHABLE_CODE = YES;
				CLANG_WARN__DUPLICATE_METHOD_MATCH = YES;
				COPY_PHASE_STRIP = NO;
				DEBUG_INFORMATION_FORMAT = "dwarf-with-dsym";
				ENABLE_NS_ASSERTIONS = NO;
				ENABLE_STRICT_OBJC_MSGSEND = YES;
				GCC_C_LANGUAGE_STANDARD = gnu11;
				GCC_NO_COMMON_BLOCKS = YES;
				GCC_WARN_64_TO_32_BIT_CONVERSION = YES;
				GCC_WARN_ABOUT_RETURN_TYPE = YES_ERROR;
				GCC_WARN_UNDECLARED_SELECTOR = YES;
				GCC_WARN_UNINITIALIZED_AUTOS = YES_AGGRESSIVE;
				GCC_WARN_UNUSED_FUNCTION = YES;
				GCC_WARN_UNUSED_VARIABLE = YES;
				IPHONEOS_DEPLOYMENT_TARGET = 14.0;
				MTL_ENABLE_DEBUG_INFO = NO;
				MTL_FAST_MATH = YES;
				SDKROOT = iphoneos;
				SWIFT_COMPILATION_MODE = wholemodule;
				SWIFT_OPTIMIZATION_LEVEL = "-O";
				VALIDATE_PRODUCT = YES;
			};
			name = Release;
		};
		F0FB936125134BB600948A5F /* Debug */ = {
			isa = XCBuildConfiguration;
			buildSettings = {
				ASSETCATALOG_COMPILER_APPICON_NAME = AppIcon;
				ASSETCATALOG_COMPILER_GLOBAL_ACCENT_COLOR_NAME = AccentColor;
				CODE_SIGN_STYLE = Automatic;
				DEVELOPMENT_ASSET_PATHS = "\"SwiftUIPlayground/Preview Content\"";
				DEVELOPMENT_TEAM = URYAKN64F7;
				ENABLE_PREVIEWS = YES;
				INFOPLIST_FILE = SwiftUIPlayground/Info.plist;
				IPHONEOS_DEPLOYMENT_TARGET = 14.0;
				LD_RUNPATH_SEARCH_PATHS = (
					"$(inherited)",
					"@executable_path/Frameworks",
				);
				PRODUCT_BUNDLE_IDENTIFIER = info.startupbuilder.SwiftUIPlayground;
				PRODUCT_NAME = "$(TARGET_NAME)";
				SWIFT_VERSION = 5.0;
				TARGETED_DEVICE_FAMILY = "1,2";
			};
			name = Debug;
		};
		F0FB936225134BB600948A5F /* Release */ = {
			isa = XCBuildConfiguration;
			buildSettings = {
				ASSETCATALOG_COMPILER_APPICON_NAME = AppIcon;
				ASSETCATALOG_COMPILER_GLOBAL_ACCENT_COLOR_NAME = AccentColor;
				CODE_SIGN_STYLE = Automatic;
				DEVELOPMENT_ASSET_PATHS = "\"SwiftUIPlayground/Preview Content\"";
				DEVELOPMENT_TEAM = URYAKN64F7;
				ENABLE_PREVIEWS = YES;
				INFOPLIST_FILE = SwiftUIPlayground/Info.plist;
				IPHONEOS_DEPLOYMENT_TARGET = 14.0;
				LD_RUNPATH_SEARCH_PATHS = (
					"$(inherited)",
					"@executable_path/Frameworks",
				);
				PRODUCT_BUNDLE_IDENTIFIER = info.startupbuilder.SwiftUIPlayground;
				PRODUCT_NAME = "$(TARGET_NAME)";
				SWIFT_VERSION = 5.0;
				TARGETED_DEVICE_FAMILY = "1,2";
			};
			name = Release;
		};
/* End XCBuildConfiguration section */

/* Begin XCConfigurationList section */
		F0FB934C25134BB400948A5F /* Build configuration list for PBXProject "SwiftUIPlayground" */ = {
			isa = XCConfigurationList;
			buildConfigurations = (
				F0FB935E25134BB600948A5F /* Debug */,
				F0FB935F25134BB600948A5F /* Release */,
			);
			defaultConfigurationIsVisible = 0;
			defaultConfigurationName = Release;
		};
		F0FB936025134BB600948A5F /* Build configuration list for PBXNativeTarget "SwiftUIPlayground" */ = {
			isa = XCConfigurationList;
			buildConfigurations = (
				F0FB936125134BB600948A5F /* Debug */,
				F0FB936225134BB600948A5F /* Release */,
			);
			defaultConfigurationIsVisible = 0;
			defaultConfigurationName = Release;
		};
/* End XCConfigurationList section */
	};
	rootObject = F0FB934925134BB400948A5F /* Project object */;
}
